
Microsoft Visual Studio Solution File, Format Version 12.00
# Visual Studio Version 16
VisualStudioVersion = 16.0.30611.23
MinimumVisualStudioVersion = 10.0.40219.1
Project("{FAE04EC0-301F-11D3-BF4B-00C04F79EFBC}") = "EleGantt", "EleGantt\EleGantt.csproj", "{A5929D21-8CDA-4B96-B654-56CCC50A1562}"
EndProject
Global
	GlobalSection(SolutionConfigurationPlatforms) = preSolution
		Debug|Any CPU = Debug|Any CPU
		Release|Any CPU = Release|Any CPU
	EndGlobalSection
	GlobalSection(ProjectConfigurationPlatforms) = postSolution
		{A5929D21-8CDA-4B96-B654-56CCC50A1562}.Debug|Any CPU.ActiveCfg = Debug|Any CPU
		{A5929D21-8CDA-4B96-B654-56CCC50A1562}.Debug|Any CPU.Build.0 = Debug|Any CPU
		{A5929D21-8CDA-4B96-B654-56CCC50A1562}.Release|Any CPU.ActiveCfg = Release|Any CPU
		{A5929D21-8CDA-4B96-B654-56CCC50A1562}.Release|Any CPU.Build.0 = Release|Any CPU
	EndGlobalSection
	GlobalSection(SolutionProperties) = preSolution
		HideSolutionNode = FALSE
	EndGlobalSection
	GlobalSection(ExtensibilityGlobals) = postSolution
		SolutionGuid = {7EF75625-89C1-4D41-AA47-670F8C44C5D1}
	EndGlobalSection
EndGlobal
